schema: '2.0'
stages:
  data:
    cmd: python -m src.main --stage data --csv 
      data/raw/bike_sharing_modified.csv --target cnt --cleaned_train_csv 
      data/processed/bike_sharing_train_cleaned.csv --cleaned_test_csv 
      data/processed/bike_sharing_test_cleaned.csv
    deps:
    - path: data/raw
      hash: md5
      md5: 58e51f5ae7997a5da012099c3d77e940.dir
      size: 1686247
      nfiles: 1
    - path: src/data.py
      hash: md5
      md5: de944544bb365a5166e12432affc06d9
      size: 7717
    - path: src/main.py
      hash: md5
      md5: 3e640b56fcdd75ed88117e463d27ba60
      size: 20578
    outs:
    - path: data/processed
      hash: md5
      md5: 73b26d10724d8cfd8820ec1a06649a86.dir
      size: 852215
      nfiles: 2
  train:
    cmd: python -m src.main --stage train --cleaned_train_csv 
      data/processed/bike_sharing_train_cleaned.csv --target cnt --models_dir 
      models
    deps:
    - path: data/processed/bike_sharing_train_cleaned.csv
      hash: md5
      md5: dc92f86f6d7ba39c09db68cc8e726501
      size: 681594
    - path: src/main.py
      hash: md5
      md5: 3e640b56fcdd75ed88117e463d27ba60
      size: 20578
    - path: src/train_predict.py
      hash: md5
      md5: aafa6f3e6156d53bddb4524a4e95e2eb
      size: 9677
  evaluate:
    cmd: python -m src.main --stage evaluate --models_dir models 
      --cleaned_test_csv data/processed/bike_sharing_test_cleaned.csv --target 
      cnt --metrics_dir metrics
    deps:
    - path: data/processed/bike_sharing_test_cleaned.csv
      hash: md5
      md5: b895c6c1285bef125f9bcbc366cf28f3
      size: 170621
    - path: src/main.py
      hash: md5
      md5: 3e640b56fcdd75ed88117e463d27ba60
      size: 20578
    - path: src/train_predict.py
      hash: md5
      md5: aafa6f3e6156d53bddb4524a4e95e2eb
      size: 9677
    outs:
    - path: metrics
      hash: md5
      md5: a4f5299efede1466e1d98de3706434dc.dir
      size: 234851
      nfiles: 3
  visualize:
    cmd: python -m src.main --stage visualize --metrics_dir metrics 
      --reports_dir reports
    deps:
    - path: metrics
      hash: md5
      md5: a4f5299efede1466e1d98de3706434dc.dir
      size: 234851
      nfiles: 3
    - path: src/main.py
      hash: md5
      md5: 3e640b56fcdd75ed88117e463d27ba60
      size: 20578
    - path: src/visualize.py
      hash: md5
      md5: 8dbe9db3df4810fd596e0b71bce4e765
      size: 8509
    outs:
    - path: reports
      hash: md5
      md5: ca2b134889b36512b3bb7815afe4aa6f.dir
      size: 485775
      nfiles: 3
